
Microsoft Visual Studio Solution File, Format Version 12.00
# Visual Studio Version 17
VisualStudioVersion = 17.10.34928.147
MinimumVisualStudioVersion = 10.0.40219.1
Project("{9A19103F-16F7-4668-BE54-9A1E7A4F7556}") = "Yield.Tracker.Api", "Yield.Tracker.Api\Yield.Tracker.Api.csproj", "{2EA5FD6B-85A0-4CA0-B19E-DDF1AC64BB4E}"
EndProject
Project("{9A19103F-16F7-4668-BE54-9A1E7A4F7556}") = "Yield.Tracker.Domain", "Yield.Tracker.Domain\Yield.Tracker.Domain.csproj", "{4A125FC0-D94A-4D27-A809-F639D4D7E55A}"
EndProject
Project("{9A19103F-16F7-4668-BE54-9A1E7A4F7556}") = "Yield.Tracker.Application", "Yield.Tracker.Application\Yield.Tracker.Application.csproj", "{A7228577-0812-433E-A8FE-8BBEC8E7169E}"
EndProject
Project("{9A19103F-16F7-4668-BE54-9A1E7A4F7556}") = "Yield.Tracker.Infra.Ioc", "Yield.Tracker.Infra.Ioc\Yield.Tracker.Infra.Ioc.csproj", "{B672DDBE-F4B7-4393-A006-D8F01677FD32}"
EndProject
Project("{9A19103F-16F7-4668-BE54-9A1E7A4F7556}") = "Yield.Tracker.Infra.Data", "Yield.Tracker.Infra.Data\Yield.Tracker.Infra.Data.csproj", "{0E349CC4-82D1-4E66-AEBB-AA5EA70594F3}"
EndProject
Project("{9A19103F-16F7-4668-BE54-9A1E7A4F7556}") = "Yield.Tracker.Unit.Test", "..\tests\Yield.Tracker.Unit.Test\Yield.Tracker.Unit.Test.csproj", "{53BD68F5-7148-4A2C-973D-4442531BA410}"
EndProject
Project("{FAE04EC0-301F-11D3-BF4B-00C04F79EFBC}") = "Yield.Tracker.Test.Shared", "..\tests\Yield.Tracker.Test.Shared\Yield.Tracker.Test.Shared.csproj", "{4AAD9422-C17A-4DA3-9C82-C6C72694B78F}"
EndProject
Project("{FAE04EC0-301F-11D3-BF4B-00C04F79EFBC}") = "Yield.Tracker.Integration.Test", "..\tests\Yield.Tracker.Integration.Test\Yield.Tracker.Integration.Test.csproj", "{F6B4FF3B-E6AD-49FF-B2FF-F01F621B0825}"
EndProject
Project("{2150E333-8FDC-42A3-9474-1A3956D46DE8}") = "src", "src", "{EEE938E3-C698-4197-B08D-E07A7732F8FA}"
EndProject
Project("{2150E333-8FDC-42A3-9474-1A3956D46DE8}") = "test", "test", "{546D76FF-4F5F-4439-95EC-A9AFA529E77A}"
EndProject
Global
	GlobalSection(SolutionConfigurationPlatforms) = preSolution
		Debug|Any CPU = Debug|Any CPU
		Release|Any CPU = Release|Any CPU
	EndGlobalSection
	GlobalSection(ProjectConfigurationPlatforms) = postSolution
		{2EA5FD6B-85A0-4CA0-B19E-DDF1AC64BB4E}.Debug|Any CPU.ActiveCfg = Debug|Any CPU
		{2EA5FD6B-85A0-4CA0-B19E-DDF1AC64BB4E}.Debug|Any CPU.Build.0 = Debug|Any CPU
		{2EA5FD6B-85A0-4CA0-B19E-DDF1AC64BB4E}.Release|Any CPU.ActiveCfg = Release|Any CPU
		{2EA5FD6B-85A0-4CA0-B19E-DDF1AC64BB4E}.Release|Any CPU.Build.0 = Release|Any CPU
		{4A125FC0-D94A-4D27-A809-F639D4D7E55A}.Debug|Any CPU.ActiveCfg = Debug|Any CPU
		{4A125FC0-D94A-4D27-A809-F639D4D7E55A}.Debug|Any CPU.Build.0 = Debug|Any CPU
		{4A125FC0-D94A-4D27-A809-F639D4D7E55A}.Release|Any CPU.ActiveCfg = Release|Any CPU
		{4A125FC0-D94A-4D27-A809-F639D4D7E55A}.Release|Any CPU.Build.0 = Release|Any CPU
		{A7228577-0812-433E-A8FE-8BBEC8E7169E}.Debug|Any CPU.ActiveCfg = Debug|Any CPU
		{A7228577-0812-433E-A8FE-8BBEC8E7169E}.Debug|Any CPU.Build.0 = Debug|Any CPU
		{A7228577-0812-433E-A8FE-8BBEC8E7169E}.Release|Any CPU.ActiveCfg = Release|Any CPU
		{A7228577-0812-433E-A8FE-8BBEC8E7169E}.Release|Any CPU.Build.0 = Release|Any CPU
		{B672DDBE-F4B7-4393-A006-D8F01677FD32}.Debug|Any CPU.ActiveCfg = Debug|Any CPU
		{B672DDBE-F4B7-4393-A006-D8F01677FD32}.Debug|Any CPU.Build.0 = Debug|Any CPU
		{B672DDBE-F4B7-4393-A006-D8F01677FD32}.Release|Any CPU.ActiveCfg = Release|Any CPU
		{B672DDBE-F4B7-4393-A006-D8F01677FD32}.Release|Any CPU.Build.0 = Release|Any CPU
		{0E349CC4-82D1-4E66-AEBB-AA5EA70594F3}.Debug|Any CPU.ActiveCfg = Debug|Any CPU
		{0E349CC4-82D1-4E66-AEBB-AA5EA70594F3}.Debug|Any CPU.Build.0 = Debug|Any CPU
		{0E349CC4-82D1-4E66-AEBB-AA5EA70594F3}.Release|Any CPU.ActiveCfg = Release|Any CPU
		{0E349CC4-82D1-4E66-AEBB-AA5EA70594F3}.Release|Any CPU.Build.0 = Release|Any CPU
		{53BD68F5-7148-4A2C-973D-4442531BA410}.Debug|Any CPU.ActiveCfg = Debug|Any CPU
		{53BD68F5-7148-4A2C-973D-4442531BA410}.Debug|Any CPU.Build.0 = Debug|Any CPU
		{53BD68F5-7148-4A2C-973D-4442531BA410}.Release|Any CPU.ActiveCfg = Release|Any CPU
		{53BD68F5-7148-4A2C-973D-4442531BA410}.Release|Any CPU.Build.0 = Release|Any CPU
		{4AAD9422-C17A-4DA3-9C82-C6C72694B78F}.Debug|Any CPU.ActiveCfg = Debug|Any CPU
		{4AAD9422-C17A-4DA3-9C82-C6C72694B78F}.Debug|Any CPU.Build.0 = Debug|Any CPU
		{4AAD9422-C17A-4DA3-9C82-C6C72694B78F}.Release|Any CPU.ActiveCfg = Release|Any CPU
		{4AAD9422-C17A-4DA3-9C82-C6C72694B78F}.Release|Any CPU.Build.0 = Release|Any CPU
		{F6B4FF3B-E6AD-49FF-B2FF-F01F621B0825}.Debug|Any CPU.ActiveCfg = Debug|Any CPU
		{F6B4FF3B-E6AD-49FF-B2FF-F01F621B0825}.Debug|Any CPU.Build.0 = Debug|Any CPU
		{F6B4FF3B-E6AD-49FF-B2FF-F01F621B0825}.Release|Any CPU.ActiveCfg = Release|Any CPU
		{F6B4FF3B-E6AD-49FF-B2FF-F01F621B0825}.Release|Any CPU.Build.0 = Release|Any CPU
	EndGlobalSection
	GlobalSection(SolutionProperties) = preSolution
		HideSolutionNode = FALSE
	EndGlobalSection
	GlobalSection(NestedProjects) = preSolution
		{2EA5FD6B-85A0-4CA0-B19E-DDF1AC64BB4E} = {EEE938E3-C698-4197-B08D-E07A7732F8FA}
		{4A125FC0-D94A-4D27-A809-F639D4D7E55A} = {EEE938E3-C698-4197-B08D-E07A7732F8FA}
		{A7228577-0812-433E-A8FE-8BBEC8E7169E} = {EEE938E3-C698-4197-B08D-E07A7732F8FA}
		{B672DDBE-F4B7-4393-A006-D8F01677FD32} = {EEE938E3-C698-4197-B08D-E07A7732F8FA}
		{0E349CC4-82D1-4E66-AEBB-AA5EA70594F3} = {EEE938E3-C698-4197-B08D-E07A7732F8FA}
		{53BD68F5-7148-4A2C-973D-4442531BA410} = {546D76FF-4F5F-4439-95EC-A9AFA529E77A}
		{4AAD9422-C17A-4DA3-9C82-C6C72694B78F} = {546D76FF-4F5F-4439-95EC-A9AFA529E77A}
		{F6B4FF3B-E6AD-49FF-B2FF-F01F621B0825} = {546D76FF-4F5F-4439-95EC-A9AFA529E77A}
	EndGlobalSection
	GlobalSection(ExtensibilityGlobals) = postSolution
		SolutionGuid = {1D3BCCE3-CC75-48B8-B7D2-F9EEAA760D7C}
	EndGlobalSection
EndGlobal
